
Microsoft Visual Studio Solution File, Format Version 12.00
# Visual Studio Version 17
VisualStudioVersion = 17.10.34814.14
MinimumVisualStudioVersion = 10.0.40219.1
Project("{FAE04EC0-301F-11D3-BF4B-00C04F79EFBC}") = "CCSD Job Search", "CCSD Job Search.csproj", "{78BCC5DF-1B8D-4681-BAF4-39D544CE950A}"
EndProject
Global
	GlobalSection(SolutionConfigurationPlatforms) = preSolution
		Debug|Any CPU = Debug|Any CPU
		Release|Any CPU = Release|Any CPU
	EndGlobalSection
	GlobalSection(ProjectConfigurationPlatforms) = postSolution
		{78BCC5DF-1B8D-4681-BAF4-39D544CE950A}.Debug|Any CPU.ActiveCfg = Debug|Any CPU
		{78BCC5DF-1B8D-4681-BAF4-39D544CE950A}.Debug|Any CPU.Build.0 = Debug|Any CPU
		{78BCC5DF-1B8D-4681-BAF4-39D544CE950A}.Release|Any CPU.ActiveCfg = Release|Any CPU
		{78BCC5DF-1B8D-4681-BAF4-39D544CE950A}.Release|Any CPU.Build.0 = Release|Any CPU
	EndGlobalSection
	GlobalSection(SolutionProperties) = preSolution
		HideSolutionNode = FALSE
	EndGlobalSection
	GlobalSection(ExtensibilityGlobals) = postSolution
		SolutionGuid = {6894C4CA-3E12-49CC-9D7F-428249D22453}
	EndGlobalSection
EndGlobal
